
Microsoft Visual Studio Solution File, Format Version 12.00
# Visual Studio Version 16
VisualStudioVersion = 16.0.29306.81
MinimumVisualStudioVersion = 10.0.40219.1
Project("{FAE04EC0-301F-11D3-BF4B-00C04F79EFBC}") = "Payroll2", "Payroll2.csproj", "{BE47CB28-2278-47E8-A597-8FD8861D15C2}"
EndProject
Global
	GlobalSection(SolutionConfigurationPlatforms) = preSolution
		Debug|Any CPU = Debug|Any CPU
		Release|Any CPU = Release|Any CPU
	EndGlobalSection
	GlobalSection(ProjectConfigurationPlatforms) = postSolution
		{BE47CB28-2278-47E8-A597-8FD8861D15C2}.Debug|Any CPU.ActiveCfg = Debug|Any CPU
		{BE47CB28-2278-47E8-A597-8FD8861D15C2}.Debug|Any CPU.Build.0 = Debug|Any CPU
		{BE47CB28-2278-47E8-A597-8FD8861D15C2}.Release|Any CPU.ActiveCfg = Release|Any CPU
		{BE47CB28-2278-47E8-A597-8FD8861D15C2}.Release|Any CPU.Build.0 = Release|Any CPU
	EndGlobalSection
	GlobalSection(SolutionProperties) = preSolution
		HideSolutionNode = FALSE
	EndGlobalSection
	GlobalSection(ExtensibilityGlobals) = postSolution
		SolutionGuid = {C88EB1AB-63A7-4ECE-8B0A-32C59A324C26}
	EndGlobalSection
EndGlobal
